
Microsoft Visual Studio Solution File, Format Version 12.00
# Visual Studio Version 17
VisualStudioVersion = 17.3.32819.101
MinimumVisualStudioVersion = 10.0.40219.1
Project("{FAE04EC0-301F-11D3-BF4B-00C04F79EFBC}") = "BrnDataHandler", "BrnDataHandler\BrnDataHandler.csproj", "{7CBA092F-4F37-49F7-8DB7-1A2035009FF3}"
EndProject
Global
	GlobalSection(SolutionConfigurationPlatforms) = preSolution
		Debug|Any CPU = Debug|Any CPU
		Release|Any CPU = Release|Any CPU
	EndGlobalSection
	GlobalSection(ProjectConfigurationPlatforms) = postSolution
		{7CBA092F-4F37-49F7-8DB7-1A2035009FF3}.Debug|Any CPU.ActiveCfg = Debug|Any CPU
		{7CBA092F-4F37-49F7-8DB7-1A2035009FF3}.Debug|Any CPU.Build.0 = Debug|Any CPU
		{7CBA092F-4F37-49F7-8DB7-1A2035009FF3}.Release|Any CPU.ActiveCfg = Release|Any CPU
		{7CBA092F-4F37-49F7-8DB7-1A2035009FF3}.Release|Any CPU.Build.0 = Release|Any CPU
	EndGlobalSection
	GlobalSection(SolutionProperties) = preSolution
		HideSolutionNode = FALSE
	EndGlobalSection
	GlobalSection(ExtensibilityGlobals) = postSolution
		SolutionGuid = {A9DAB12B-C6D7-4E16-A1D5-DB7EADDC2C07}
	EndGlobalSection
EndGlobal
